PODS:
  - FlutterMacOS (1.0.0)
  - hdf5_c_libs (0.1.0):
    - FlutterMacOS
  - numd_c_libs (0.1.0):
    - FlutterMacOS

DEPENDENCIES:
  - FlutterMacOS (from `Flutter/ephemeral`)
  - hdf5_c_libs (from `Flutter/ephemeral/.symlinks/plugins/hdf5_c_libs/macos`)
  - numd_c_libs (from `Flutter/ephemeral/.symlinks/plugins/numd_c_libs/macos`)

EXTERNAL SOURCES:
  FlutterMacOS:
    :path: Flutter/ephemeral
  hdf5_c_libs:
    :path: Flutter/ephemeral/.symlinks/plugins/hdf5_c_libs/macos
  numd_c_libs:
    :path: Flutter/ephemeral/.symlinks/plugins/numd_c_libs/macos

SPEC CHECKSUMS:
  FlutterMacOS: d0db08ddef1a9af05a5ec4b724367152bb0500b1
  hdf5_c_libs: 3dda80133e4c665b615b30e1e962ba063001ad09
  numd_c_libs: 49d8863b90b346f13597f76397be738591cf2f5a

PODFILE CHECKSUM: 54d867c82ac51cbd61b565781b9fada492027009

COCOAPODS: 1.16.2
